
Microsoft Visual Studio Solution File, Format Version 12.00
# Visual Studio 14
VisualStudioVersion = 14.0.25420.1
MinimumVisualStudioVersion = 10.0.40219.1
Project("{2150E333-8FDC-42A3-9474-1A3956D46DE8}") = "src", "src", "{A628C6AC-84E9-409E-B1DB-C7CAE5A968E6}"
EndProject
Project("{2150E333-8FDC-42A3-9474-1A3956D46DE8}") = "Solution Items", "Solution Items", "{E5B84CF6-B2C3-4837-BF25-ECDA1A83A56D}"
	ProjectSection(SolutionItems) = preProject
		global.json = global.json
	EndProjectSection
EndProject
Project("{8BB2217D-0F2D-49D1-97BC-3654ED321F3B}") = "inFizYon", "src\inFizYon\inFizYon.xproj", "{4489A6F3-77FF-4504-9F95-F48AFF95D5F7}"
EndProject
Project("{FAE04EC0-301F-11D3-BF4B-00C04F79EFBC}") = "HelloWall Ifc4", "src\XbimSamples-master\HelloWall\HelloWall Ifc4.csproj", "{9FA0C65E-31FC-4D17-A040-3CE03EC10C53}"
EndProject
Project("{FAE04EC0-301F-11D3-BF4B-00C04F79EFBC}") = "Xbim.WeXplorer", "src\XbimWebUI-master\Xbim.WeXplorer\Xbim.WeXplorer.csproj", "{C5942956-079A-4A0E-B0A8-EFF59C96B269}"
EndProject
Project("{FAE04EC0-301F-11D3-BF4B-00C04F79EFBC}") = "Excelio", "src\XbimSamples-master\ExcelReportExample\Excelio.csproj", "{3EB11E9A-5306-4818-AB91-6D77BF38BFCD}"
EndProject
Global
	GlobalSection(SolutionConfigurationPlatforms) = preSolution
		Debug|Any CPU = Debug|Any CPU
		Debug|x86 = Debug|x86
		Release|Any CPU = Release|Any CPU
		Release|x86 = Release|x86
	EndGlobalSection
	GlobalSection(ProjectConfigurationPlatforms) = postSolution
		{4489A6F3-77FF-4504-9F95-F48AFF95D5F7}.Debug|Any CPU.ActiveCfg = Debug|Any CPU
		{4489A6F3-77FF-4504-9F95-F48AFF95D5F7}.Debug|Any CPU.Build.0 = Debug|Any CPU
		{4489A6F3-77FF-4504-9F95-F48AFF95D5F7}.Debug|x86.ActiveCfg = Debug|Any CPU
		{4489A6F3-77FF-4504-9F95-F48AFF95D5F7}.Debug|x86.Build.0 = Debug|Any CPU
		{4489A6F3-77FF-4504-9F95-F48AFF95D5F7}.Release|Any CPU.ActiveCfg = Release|Any CPU
		{4489A6F3-77FF-4504-9F95-F48AFF95D5F7}.Release|Any CPU.Build.0 = Release|Any CPU
		{4489A6F3-77FF-4504-9F95-F48AFF95D5F7}.Release|x86.ActiveCfg = Release|Any CPU
		{4489A6F3-77FF-4504-9F95-F48AFF95D5F7}.Release|x86.Build.0 = Release|Any CPU
		{9FA0C65E-31FC-4D17-A040-3CE03EC10C53}.Debug|Any CPU.ActiveCfg = Debug|Any CPU
		{9FA0C65E-31FC-4D17-A040-3CE03EC10C53}.Debug|Any CPU.Build.0 = Debug|Any CPU
		{9FA0C65E-31FC-4D17-A040-3CE03EC10C53}.Debug|x86.ActiveCfg = Debug|x86
		{9FA0C65E-31FC-4D17-A040-3CE03EC10C53}.Debug|x86.Build.0 = Debug|x86
		{9FA0C65E-31FC-4D17-A040-3CE03EC10C53}.Release|Any CPU.ActiveCfg = Release|Any CPU
		{9FA0C65E-31FC-4D17-A040-3CE03EC10C53}.Release|Any CPU.Build.0 = Release|Any CPU
		{9FA0C65E-31FC-4D17-A040-3CE03EC10C53}.Release|x86.ActiveCfg = Release|x86
		{9FA0C65E-31FC-4D17-A040-3CE03EC10C53}.Release|x86.Build.0 = Release|x86
		{C5942956-079A-4A0E-B0A8-EFF59C96B269}.Debug|Any CPU.ActiveCfg = Debug|Any CPU
		{C5942956-079A-4A0E-B0A8-EFF59C96B269}.Debug|Any CPU.Build.0 = Debug|Any CPU
		{C5942956-079A-4A0E-B0A8-EFF59C96B269}.Debug|x86.ActiveCfg = Debug|Any CPU
		{C5942956-079A-4A0E-B0A8-EFF59C96B269}.Debug|x86.Build.0 = Debug|Any CPU
		{C5942956-079A-4A0E-B0A8-EFF59C96B269}.Release|Any CPU.ActiveCfg = Release|Any CPU
		{C5942956-079A-4A0E-B0A8-EFF59C96B269}.Release|Any CPU.Build.0 = Release|Any CPU
		{C5942956-079A-4A0E-B0A8-EFF59C96B269}.Release|x86.ActiveCfg = Release|Any CPU
		{C5942956-079A-4A0E-B0A8-EFF59C96B269}.Release|x86.Build.0 = Release|Any CPU
		{3EB11E9A-5306-4818-AB91-6D77BF38BFCD}.Debug|Any CPU.ActiveCfg = Debug|Any CPU
		{3EB11E9A-5306-4818-AB91-6D77BF38BFCD}.Debug|Any CPU.Build.0 = Debug|Any CPU
		{3EB11E9A-5306-4818-AB91-6D77BF38BFCD}.Debug|x86.ActiveCfg = Debug|Any CPU
		{3EB11E9A-5306-4818-AB91-6D77BF38BFCD}.Debug|x86.Build.0 = Debug|Any CPU
		{3EB11E9A-5306-4818-AB91-6D77BF38BFCD}.Release|Any CPU.ActiveCfg = Release|Any CPU
		{3EB11E9A-5306-4818-AB91-6D77BF38BFCD}.Release|Any CPU.Build.0 = Release|Any CPU
		{3EB11E9A-5306-4818-AB91-6D77BF38BFCD}.Release|x86.ActiveCfg = Release|Any CPU
		{3EB11E9A-5306-4818-AB91-6D77BF38BFCD}.Release|x86.Build.0 = Release|Any CPU
	EndGlobalSection
	GlobalSection(SolutionProperties) = preSolution
		HideSolutionNode = FALSE
	EndGlobalSection
	GlobalSection(NestedProjects) = preSolution
		{4489A6F3-77FF-4504-9F95-F48AFF95D5F7} = {A628C6AC-84E9-409E-B1DB-C7CAE5A968E6}
		{9FA0C65E-31FC-4D17-A040-3CE03EC10C53} = {A628C6AC-84E9-409E-B1DB-C7CAE5A968E6}
		{C5942956-079A-4A0E-B0A8-EFF59C96B269} = {A628C6AC-84E9-409E-B1DB-C7CAE5A968E6}
		{3EB11E9A-5306-4818-AB91-6D77BF38BFCD} = {A628C6AC-84E9-409E-B1DB-C7CAE5A968E6}
	EndGlobalSection
EndGlobal
